
Microsoft Visual Studio Solution File, Format Version 12.00
# Visual Studio Version 17
VisualStudioVersion = 17.3.32901.215
MinimumVisualStudioVersion = 10.0.40219.1
Project("{9A19103F-16F7-4668-BE54-9A1E7A4F7556}") = "asteroid", "asteroid\asteroid.csproj", "{F280CFAD-216D-47B1-A57B-09BE6BC827C8}"
EndProject
Project("{FAE04EC0-301F-11D3-BF4B-00C04F79EFBC}") = "Ast.WinForms", "Ast.WinForms\Ast.WinForms.csproj", "{A67D5E7C-076C-4EF1-9D68-CD77ED9B2346}"
EndProject
Global
	GlobalSection(SolutionConfigurationPlatforms) = preSolution
		Debug|Any CPU = Debug|Any CPU
		Release|Any CPU = Release|Any CPU
	EndGlobalSection
	GlobalSection(ProjectConfigurationPlatforms) = postSolution
		{F280CFAD-216D-47B1-A57B-09BE6BC827C8}.Debug|Any CPU.ActiveCfg = Debug|Any CPU
		{F280CFAD-216D-47B1-A57B-09BE6BC827C8}.Debug|Any CPU.Build.0 = Debug|Any CPU
		{F280CFAD-216D-47B1-A57B-09BE6BC827C8}.Release|Any CPU.ActiveCfg = Release|Any CPU
		{F280CFAD-216D-47B1-A57B-09BE6BC827C8}.Release|Any CPU.Build.0 = Release|Any CPU
		{A67D5E7C-076C-4EF1-9D68-CD77ED9B2346}.Debug|Any CPU.ActiveCfg = Debug|Any CPU
		{A67D5E7C-076C-4EF1-9D68-CD77ED9B2346}.Debug|Any CPU.Build.0 = Debug|Any CPU
		{A67D5E7C-076C-4EF1-9D68-CD77ED9B2346}.Release|Any CPU.ActiveCfg = Release|Any CPU
		{A67D5E7C-076C-4EF1-9D68-CD77ED9B2346}.Release|Any CPU.Build.0 = Release|Any CPU
	EndGlobalSection
	GlobalSection(SolutionProperties) = preSolution
		HideSolutionNode = FALSE
	EndGlobalSection
	GlobalSection(ExtensibilityGlobals) = postSolution
		SolutionGuid = {64FA5719-B632-4714-9199-525E4614E16E}
	EndGlobalSection
EndGlobal
